
Microsoft Visual Studio Solution File, Format Version 12.00
# Visual Studio Version 17
VisualStudioVersion = 17.6.33712.159
MinimumVisualStudioVersion = 10.0.40219.1
Project("{FAE04EC0-301F-11D3-BF4B-00C04F79EFBC}") = "Use SLR Web Application", "Use SLR Web Application.csproj", "{BEB43139-DF4C-4CCD-AABD-3E7FAC6AECFF}"
EndProject
Global
	GlobalSection(SolutionConfigurationPlatforms) = preSolution
		Debug|Any CPU = Debug|Any CPU
		Release|Any CPU = Release|Any CPU
	EndGlobalSection
	GlobalSection(ProjectConfigurationPlatforms) = postSolution
		{BEB43139-DF4C-4CCD-AABD-3E7FAC6AECFF}.Debug|Any CPU.ActiveCfg = Debug|Any CPU
		{BEB43139-DF4C-4CCD-AABD-3E7FAC6AECFF}.Debug|Any CPU.Build.0 = Debug|Any CPU
		{BEB43139-DF4C-4CCD-AABD-3E7FAC6AECFF}.Release|Any CPU.ActiveCfg = Release|Any CPU
		{BEB43139-DF4C-4CCD-AABD-3E7FAC6AECFF}.Release|Any CPU.Build.0 = Release|Any CPU
	EndGlobalSection
	GlobalSection(SolutionProperties) = preSolution
		HideSolutionNode = FALSE
	EndGlobalSection
	GlobalSection(ExtensibilityGlobals) = postSolution
		SolutionGuid = {F209141F-8D97-4F00-92BC-2A9E2FE0A77F}
	EndGlobalSection
EndGlobal
